
Microsoft Visual Studio Solution File, Format Version 12.00
# Visual Studio Version 17
VisualStudioVersion = 17.10.34928.147
MinimumVisualStudioVersion = 10.0.40219.1
Project("{FAE04EC0-301F-11D3-BF4B-00C04F79EFBC}") = "HmExtensionTest", "HmExtensionTest\HmExtensionTest.csproj", "{539B2E46-9F79-4FA7-9861-8AF3B746555A}"
EndProject
Project("{FAE04EC0-301F-11D3-BF4B-00C04F79EFBC}") = "HmExtension.Pay", "HmExtension.Pay\HmExtension.Pay.csproj", "{94AE4363-B65B-417D-AAEB-410DCBF5B53A}"
EndProject
Project("{9A19103F-16F7-4668-BE54-9A1E7A4F7556}") = "HmExtension.Standard", "HmExtension.Standard\HmExtension.Standard.csproj", "{9D14322C-583B-4465-98D4-1C6C17F60540}"
EndProject
Project("{FAE04EC0-301F-11D3-BF4B-00C04F79EFBC}") = "WindowsFormsApp1", "WindowsFormsApp1\WindowsFormsApp1.csproj", "{8C318758-4A52-440A-8774-29CF28A5A155}"
EndProject
Global
	GlobalSection(SolutionConfigurationPlatforms) = preSolution
		Debug|Any CPU = Debug|Any CPU
		Release|Any CPU = Release|Any CPU
	EndGlobalSection
	GlobalSection(ProjectConfigurationPlatforms) = postSolution
		{539B2E46-9F79-4FA7-9861-8AF3B746555A}.Debug|Any CPU.ActiveCfg = Debug|Any CPU
		{539B2E46-9F79-4FA7-9861-8AF3B746555A}.Debug|Any CPU.Build.0 = Debug|Any CPU
		{539B2E46-9F79-4FA7-9861-8AF3B746555A}.Release|Any CPU.ActiveCfg = Release|Any CPU
		{539B2E46-9F79-4FA7-9861-8AF3B746555A}.Release|Any CPU.Build.0 = Release|Any CPU
		{94AE4363-B65B-417D-AAEB-410DCBF5B53A}.Debug|Any CPU.ActiveCfg = Debug|Any CPU
		{94AE4363-B65B-417D-AAEB-410DCBF5B53A}.Debug|Any CPU.Build.0 = Debug|Any CPU
		{94AE4363-B65B-417D-AAEB-410DCBF5B53A}.Release|Any CPU.ActiveCfg = Release|Any CPU
		{94AE4363-B65B-417D-AAEB-410DCBF5B53A}.Release|Any CPU.Build.0 = Release|Any CPU
		{9D14322C-583B-4465-98D4-1C6C17F60540}.Debug|Any CPU.ActiveCfg = Debug|Any CPU
		{9D14322C-583B-4465-98D4-1C6C17F60540}.Debug|Any CPU.Build.0 = Debug|Any CPU
		{9D14322C-583B-4465-98D4-1C6C17F60540}.Release|Any CPU.ActiveCfg = Release|Any CPU
		{9D14322C-583B-4465-98D4-1C6C17F60540}.Release|Any CPU.Build.0 = Release|Any CPU
		{8C318758-4A52-440A-8774-29CF28A5A155}.Debug|Any CPU.ActiveCfg = Debug|Any CPU
		{8C318758-4A52-440A-8774-29CF28A5A155}.Debug|Any CPU.Build.0 = Debug|Any CPU
		{8C318758-4A52-440A-8774-29CF28A5A155}.Release|Any CPU.ActiveCfg = Release|Any CPU
		{8C318758-4A52-440A-8774-29CF28A5A155}.Release|Any CPU.Build.0 = Release|Any CPU
	EndGlobalSection
	GlobalSection(SolutionProperties) = preSolution
		HideSolutionNode = FALSE
	EndGlobalSection
	GlobalSection(ExtensibilityGlobals) = postSolution
		SolutionGuid = {4159CFD7-ECBC-4469-924F-16F9E90C3A41}
	EndGlobalSection
EndGlobal
