
Microsoft Visual Studio Solution File, Format Version 12.00
# Visual Studio Version 17
VisualStudioVersion = 17.10.34928.147
MinimumVisualStudioVersion = 10.0.40219.1
Project("{FAE04EC0-301F-11D3-BF4B-00C04F79EFBC}") = "HmExtension.Pay", "HmExtension.Pay\HmExtension.Pay.csproj", "{94AE4363-B65B-417D-AAEB-410DCBF5B53A}"
EndProject
Project("{9A19103F-16F7-4668-BE54-9A1E7A4F7556}") = "HmExtension.Standard", "HmExtension.Standard\HmExtension.Standard.csproj", "{9D14322C-583B-4465-98D4-1C6C17F60540}"
EndProject
Project("{FAE04EC0-301F-11D3-BF4B-00C04F79EFBC}") = "HmExtension", "HmExtension\HmExtension.csproj", "{6CAEE561-9B16-4E70-9AC8-E3E3984C3444}"
EndProject
Project("{FAE04EC0-301F-11D3-BF4B-00C04F79EFBC}") = "HmExtension.Commons", "HmExtension.Commons\HmExtension.Commons.csproj", "{92157DC8-6144-4143-8052-301F7EBFD386}"
EndProject
Project("{FAE04EC0-301F-11D3-BF4B-00C04F79EFBC}") = "HmExtension.Test", "HmExtension.Test\HmExtension.Test.csproj", "{6BC2B61A-CA81-440B-B3F7-FAF9DF8C282B}"
EndProject
Project("{9A19103F-16F7-4668-BE54-9A1E7A4F7556}") = "HmExtension.Standard.Test", "HmExtension.Standard.Test\HmExtension.Standard.Test.csproj", "{D5C507AC-6F4E-418F-AC42-40D37071278F}"
EndProject
Project("{FAE04EC0-301F-11D3-BF4B-00C04F79EFBC}") = "HmExtension.QRCode", "HmExtension.QRCode\HmExtension.QRCode.csproj", "{3ECC0E14-4CC0-4221-8DF6-61A19998AE3D}"
EndProject
Project("{FAE04EC0-301F-11D3-BF4B-00C04F79EFBC}") = "HmExtension.JavaScript", "HmExtension.JavaScript\HmExtension.JavaScript.csproj", "{C7C29A52-8165-41A5-889A-56BCD7141209}"
EndProject
Project("{FAE04EC0-301F-11D3-BF4B-00C04F79EFBC}") = "HmExtension.WindowApi", "HmExtension.WindowApi\HmExtension.WindowApi.csproj", "{1C4AAE11-B320-4BAC-9567-666414A3D366}"
EndProject
Project("{FAE04EC0-301F-11D3-BF4B-00C04F79EFBC}") = "HmExtension.Face", "HmExtension.Face\HmExtension.Face.csproj", "{08134B92-F2E2-4EC7-ADB0-4AB105042FB6}"
EndProject
Project("{FAE04EC0-301F-11D3-BF4B-00C04F79EFBC}") = "HmExtension.Camera", "HmExtension.Camera\HmExtension.Camera.csproj", "{2590CDBB-7E6C-44FD-94D3-390DDDBFACB8}"
EndProject
Project("{FAE04EC0-301F-11D3-BF4B-00C04F79EFBC}") = "HmExtension.Drawing", "HmExtension.Bitmap\HmExtension.Drawing.csproj", "{ADA46E78-B1D5-49C2-8626-92873217E677}"
EndProject
Global
	GlobalSection(SolutionConfigurationPlatforms) = preSolution
		Debug|Any CPU = Debug|Any CPU
		Release|Any CPU = Release|Any CPU
	EndGlobalSection
	GlobalSection(ProjectConfigurationPlatforms) = postSolution
		{94AE4363-B65B-417D-AAEB-410DCBF5B53A}.Debug|Any CPU.ActiveCfg = Debug|Any CPU
		{94AE4363-B65B-417D-AAEB-410DCBF5B53A}.Debug|Any CPU.Build.0 = Debug|Any CPU
		{94AE4363-B65B-417D-AAEB-410DCBF5B53A}.Release|Any CPU.ActiveCfg = Release|Any CPU
		{94AE4363-B65B-417D-AAEB-410DCBF5B53A}.Release|Any CPU.Build.0 = Release|Any CPU
		{9D14322C-583B-4465-98D4-1C6C17F60540}.Debug|Any CPU.ActiveCfg = Debug|Any CPU
		{9D14322C-583B-4465-98D4-1C6C17F60540}.Debug|Any CPU.Build.0 = Debug|Any CPU
		{9D14322C-583B-4465-98D4-1C6C17F60540}.Release|Any CPU.ActiveCfg = Release|Any CPU
		{9D14322C-583B-4465-98D4-1C6C17F60540}.Release|Any CPU.Build.0 = Release|Any CPU
		{6CAEE561-9B16-4E70-9AC8-E3E3984C3444}.Debug|Any CPU.ActiveCfg = Debug|Any CPU
		{6CAEE561-9B16-4E70-9AC8-E3E3984C3444}.Debug|Any CPU.Build.0 = Debug|Any CPU
		{6CAEE561-9B16-4E70-9AC8-E3E3984C3444}.Release|Any CPU.ActiveCfg = Release|Any CPU
		{6CAEE561-9B16-4E70-9AC8-E3E3984C3444}.Release|Any CPU.Build.0 = Release|Any CPU
		{92157DC8-6144-4143-8052-301F7EBFD386}.Debug|Any CPU.ActiveCfg = Debug|Any CPU
		{92157DC8-6144-4143-8052-301F7EBFD386}.Debug|Any CPU.Build.0 = Debug|Any CPU
		{92157DC8-6144-4143-8052-301F7EBFD386}.Release|Any CPU.ActiveCfg = Release|Any CPU
		{92157DC8-6144-4143-8052-301F7EBFD386}.Release|Any CPU.Build.0 = Release|Any CPU
		{6BC2B61A-CA81-440B-B3F7-FAF9DF8C282B}.Debug|Any CPU.ActiveCfg = Debug|Any CPU
		{6BC2B61A-CA81-440B-B3F7-FAF9DF8C282B}.Debug|Any CPU.Build.0 = Debug|Any CPU
		{6BC2B61A-CA81-440B-B3F7-FAF9DF8C282B}.Release|Any CPU.ActiveCfg = Release|Any CPU
		{6BC2B61A-CA81-440B-B3F7-FAF9DF8C282B}.Release|Any CPU.Build.0 = Release|Any CPU
		{D5C507AC-6F4E-418F-AC42-40D37071278F}.Debug|Any CPU.ActiveCfg = Debug|Any CPU
		{D5C507AC-6F4E-418F-AC42-40D37071278F}.Debug|Any CPU.Build.0 = Debug|Any CPU
		{D5C507AC-6F4E-418F-AC42-40D37071278F}.Release|Any CPU.ActiveCfg = Release|Any CPU
		{D5C507AC-6F4E-418F-AC42-40D37071278F}.Release|Any CPU.Build.0 = Release|Any CPU
		{3ECC0E14-4CC0-4221-8DF6-61A19998AE3D}.Debug|Any CPU.ActiveCfg = Debug|Any CPU
		{3ECC0E14-4CC0-4221-8DF6-61A19998AE3D}.Debug|Any CPU.Build.0 = Debug|Any CPU
		{3ECC0E14-4CC0-4221-8DF6-61A19998AE3D}.Release|Any CPU.ActiveCfg = Release|Any CPU
		{3ECC0E14-4CC0-4221-8DF6-61A19998AE3D}.Release|Any CPU.Build.0 = Release|Any CPU
		{C7C29A52-8165-41A5-889A-56BCD7141209}.Debug|Any CPU.ActiveCfg = Debug|Any CPU
		{C7C29A52-8165-41A5-889A-56BCD7141209}.Debug|Any CPU.Build.0 = Debug|Any CPU
		{C7C29A52-8165-41A5-889A-56BCD7141209}.Release|Any CPU.ActiveCfg = Release|Any CPU
		{C7C29A52-8165-41A5-889A-56BCD7141209}.Release|Any CPU.Build.0 = Release|Any CPU
		{1C4AAE11-B320-4BAC-9567-666414A3D366}.Debug|Any CPU.ActiveCfg = Debug|Any CPU
		{1C4AAE11-B320-4BAC-9567-666414A3D366}.Debug|Any CPU.Build.0 = Debug|Any CPU
		{1C4AAE11-B320-4BAC-9567-666414A3D366}.Release|Any CPU.ActiveCfg = Release|Any CPU
		{1C4AAE11-B320-4BAC-9567-666414A3D366}.Release|Any CPU.Build.0 = Release|Any CPU
		{08134B92-F2E2-4EC7-ADB0-4AB105042FB6}.Debug|Any CPU.ActiveCfg = Debug|Any CPU
		{08134B92-F2E2-4EC7-ADB0-4AB105042FB6}.Debug|Any CPU.Build.0 = Debug|Any CPU
		{08134B92-F2E2-4EC7-ADB0-4AB105042FB6}.Release|Any CPU.ActiveCfg = Release|Any CPU
		{08134B92-F2E2-4EC7-ADB0-4AB105042FB6}.Release|Any CPU.Build.0 = Release|Any CPU
		{2590CDBB-7E6C-44FD-94D3-390DDDBFACB8}.Debug|Any CPU.ActiveCfg = Debug|Any CPU
		{2590CDBB-7E6C-44FD-94D3-390DDDBFACB8}.Debug|Any CPU.Build.0 = Debug|Any CPU
		{2590CDBB-7E6C-44FD-94D3-390DDDBFACB8}.Release|Any CPU.ActiveCfg = Release|Any CPU
		{2590CDBB-7E6C-44FD-94D3-390DDDBFACB8}.Release|Any CPU.Build.0 = Release|Any CPU
		{ADA46E78-B1D5-49C2-8626-92873217E677}.Debug|Any CPU.ActiveCfg = Debug|Any CPU
		{ADA46E78-B1D5-49C2-8626-92873217E677}.Debug|Any CPU.Build.0 = Debug|Any CPU
		{ADA46E78-B1D5-49C2-8626-92873217E677}.Release|Any CPU.ActiveCfg = Release|Any CPU
		{ADA46E78-B1D5-49C2-8626-92873217E677}.Release|Any CPU.Build.0 = Release|Any CPU
	EndGlobalSection
	GlobalSection(SolutionProperties) = preSolution
		HideSolutionNode = FALSE
	EndGlobalSection
	GlobalSection(ExtensibilityGlobals) = postSolution
		SolutionGuid = {4159CFD7-ECBC-4469-924F-16F9E90C3A41}
	EndGlobalSection
EndGlobal
